// !$*UTF8*$!
{
	archiveVersion = 1;
	classes = {
	};
	objectVersion = 55;
	objects = {

/* Begin PBXBuildFile section */
		5997D0FC2CD0C71D0088BAF4 /* RxAnimationSectionModel.swift in Sources */ = {isa = PBXBuildFile; fileRef = 5997D0FB2CD0C71D0088BAF4 /* RxAnimationSectionModel.swift */; };
		5997D0FE2CD0C7F00088BAF4 /* RxAnimationTableView.swift in Sources */ = {isa = PBXBuildFile; fileRef = 5997D0FD2CD0C7F00088BAF4 /* RxAnimationTableView.swift */; };
		5997D1002CD0CF6C0088BAF4 /* UITableView+Extension.swift in Sources */ = {isa = PBXBuildFile; fileRef = 5997D0FF2CD0CF6C0088BAF4 /* UITableView+Extension.swift */; };
		5997D1022CD0DE310088BAF4 /* BehaviorRelay+Extension.swift in Sources */ = {isa = PBXBuildFile; fileRef = 5997D1012CD0DE310088BAF4 /* BehaviorRelay+Extension.swift */; };
		5997D1052CD0E1ED0088BAF4 /* BaseVC.swift in Sources */ = {isa = PBXBuildFile; fileRef = 5997D1042CD0E1ED0088BAF4 /* BaseVC.swift */; };
		5997D1072CD0E23B0088BAF4 /* RxTableViewController.swift in Sources */ = {isa = PBXBuildFile; fileRef = 5997D1062CD0E23B0088BAF4 /* RxTableViewController.swift */; };
		5997D10B2CD21A430088BAF4 /* RxTableViewController+InsertSection.swift in Sources */ = {isa = PBXBuildFile; fileRef = 5997D10A2CD21A430088BAF4 /* RxTableViewController+InsertSection.swift */; };
		5997D10D2CD2231E0088BAF4 /* RxTableViewController+InsertRow.swift in Sources */ = {isa = PBXBuildFile; fileRef = 5997D10C2CD2231D0088BAF4 /* RxTableViewController+InsertRow.swift */; };
		5997D10F2CD231140088BAF4 /* RxTableViewController+Edit.swift in Sources */ = {isa = PBXBuildFile; fileRef = 5997D10E2CD231140088BAF4 /* RxTableViewController+Edit.swift */; };
		5997D1112CD3561A0088BAF4 /* RxTableViewController+Mixed.swift in Sources */ = {isa = PBXBuildFile; fileRef = 5997D1102CD3561A0088BAF4 /* RxTableViewController+Mixed.swift */; };
		E236C459291A4F2E00F6EA54 /* UIFont+Extension.swift in Sources */ = {isa = PBXBuildFile; fileRef = E236C453291A4F2E00F6EA54 /* UIFont+Extension.swift */; };
		E236C45A291A4F2E00F6EA54 /* UIColor+Extension.swift in Sources */ = {isa = PBXBuildFile; fileRef = E236C454291A4F2E00F6EA54 /* UIColor+Extension.swift */; };
		E236C45B291A4F2E00F6EA54 /* NSObject+Extension.swift in Sources */ = {isa = PBXBuildFile; fileRef = E236C455291A4F2E00F6EA54 /* NSObject+Extension.swift */; };
		E236C461291A59D800F6EA54 /* DemoTableViewVC.swift in Sources */ = {isa = PBXBuildFile; fileRef = E236C45F291A59D800F6EA54 /* DemoTableViewVC.swift */; };
		E236C462291A59D800F6EA54 /* DemoTableViewVC.xib in Resources */ = {isa = PBXBuildFile; fileRef = E236C460291A59D800F6EA54 /* DemoTableViewVC.xib */; };
		E236C465291A66F600F6EA54 /* DemoCollectionViewVC.swift in Sources */ = {isa = PBXBuildFile; fileRef = E236C463291A66F600F6EA54 /* DemoCollectionViewVC.swift */; };
		E236C466291A66F600F6EA54 /* DemoCollectionViewVC.xib in Resources */ = {isa = PBXBuildFile; fileRef = E236C464291A66F600F6EA54 /* DemoCollectionViewVC.xib */; };
		E236C46B291A68C500F6EA54 /* DemoTableViewCell.swift in Sources */ = {isa = PBXBuildFile; fileRef = E236C469291A68C500F6EA54 /* DemoTableViewCell.swift */; };
		E236C46C291A68C500F6EA54 /* DemoTableViewCell.xib in Resources */ = {isa = PBXBuildFile; fileRef = E236C46A291A68C500F6EA54 /* DemoTableViewCell.xib */; };
		E2AB83D62941E47700BAFE60 /* DemoCollectionViewCell.swift in Sources */ = {isa = PBXBuildFile; fileRef = E2AB83D42941E47700BAFE60 /* DemoCollectionViewCell.swift */; };
		E2AB83D72941E47700BAFE60 /* DemoCollectionViewCell.xib in Resources */ = {isa = PBXBuildFile; fileRef = E2AB83D52941E47700BAFE60 /* DemoCollectionViewCell.xib */; };
		E2B2C2CE2930C73E007EF40E /* DemoAnimationTableViewVC.swift in Sources */ = {isa = PBXBuildFile; fileRef = E2B2C2CC2930C73E007EF40E /* DemoAnimationTableViewVC.swift */; };
		E2B2C2CF2930C73E007EF40E /* DemoAnimationTableViewVC.xib in Resources */ = {isa = PBXBuildFile; fileRef = E2B2C2CD2930C73E007EF40E /* DemoAnimationTableViewVC.xib */; };
		E2B2C2D22930D4E7007EF40E /* DemoAnimationTableViewCell.xib in Resources */ = {isa = PBXBuildFile; fileRef = E2B2C2D02930D4E7007EF40E /* DemoAnimationTableViewCell.xib */; };
		E2B2C2D32930D4E7007EF40E /* DemoAnimationTableViewCell.swift in Sources */ = {isa = PBXBuildFile; fileRef = E2B2C2D12930D4E7007EF40E /* DemoAnimationTableViewCell.swift */; };
		E2F7925F2930B9010074644C /* RxCollectionView.swift in Sources */ = {isa = PBXBuildFile; fileRef = E2F7925A2930B9010074644C /* RxCollectionView.swift */; };
		E2F792602930B9010074644C /* RxTableView.swift in Sources */ = {isa = PBXBuildFile; fileRef = E2F7925B2930B9010074644C /* RxTableView.swift */; };
		E2F792612930B9010074644C /* RxSectionModel.swift in Sources */ = {isa = PBXBuildFile; fileRef = E2F7925C2930B9010074644C /* RxSectionModel.swift */; };
		E2F792622930B9010074644C /* RxCollectionViewCell.swift in Sources */ = {isa = PBXBuildFile; fileRef = E2F7925D2930B9010074644C /* RxCollectionViewCell.swift */; };
		E2F792632930B9010074644C /* RxTableViewCell.swift in Sources */ = {isa = PBXBuildFile; fileRef = E2F7925E2930B9010074644C /* RxTableViewCell.swift */; };
		E7206D1726A4670004149B8A /* Pods_RxTableViewDemo.framework in Frameworks */ = {isa = PBXBuildFile; fileRef = 5ABC80966F6A4AD4D8DD9634 /* Pods_RxTableViewDemo.framework */; };
		FF8B7C052919FF28002AEBDF /* AppDelegate.swift in Sources */ = {isa = PBXBuildFile; fileRef = FF8B7C042919FF28002AEBDF /* AppDelegate.swift */; };
		FF8B7C092919FF28002AEBDF /* ViewController.swift in Sources */ = {isa = PBXBuildFile; fileRef = FF8B7C082919FF28002AEBDF /* ViewController.swift */; };
		FF8B7C0C2919FF28002AEBDF /* Main.storyboard in Resources */ = {isa = PBXBuildFile; fileRef = FF8B7C0A2919FF28002AEBDF /* Main.storyboard */; };
		FF8B7C0E2919FF2C002AEBDF /* Assets.xcassets in Resources */ = {isa = PBXBuildFile; fileRef = FF8B7C0D2919FF2C002AEBDF /* Assets.xcassets */; };
		FF8B7C112919FF2C002AEBDF /* LaunchScreen.storyboard in Resources */ = {isa = PBXBuildFile; fileRef = FF8B7C0F2919FF2C002AEBDF /* LaunchScreen.storyboard */; };
		FF8B7C192919FF95002AEBDF /* podfile in Resources */ = {isa = PBXBuildFile; fileRef = FF8B7C182919FF95002AEBDF /* podfile */; };
/* End PBXBuildFile section */

/* Begin PBXFileReference section */
		42F324CA54C7703C8BB63237 /* Pods-RxTableViewDemo.release.xcconfig */ = {isa = PBXFileReference; includeInIndex = 1; lastKnownFileType = text.xcconfig; name = "Pods-RxTableViewDemo.release.xcconfig"; path = "Target Support Files/Pods-RxTableViewDemo/Pods-RxTableViewDemo.release.xcconfig"; sourceTree = "<group>"; };
		5997D0FB2CD0C71D0088BAF4 /* RxAnimationSectionModel.swift */ = {isa = PBXFileReference; lastKnownFileType = sourcecode.swift; path = RxAnimationSectionModel.swift; sourceTree = "<group>"; };
		5997D0FD2CD0C7F00088BAF4 /* RxAnimationTableView.swift */ = {isa = PBXFileReference; lastKnownFileType = sourcecode.swift; path = RxAnimationTableView.swift; sourceTree = "<group>"; };
		5997D0FF2CD0CF6C0088BAF4 /* UITableView+Extension.swift */ = {isa = PBXFileReference; lastKnownFileType = sourcecode.swift; path = "UITableView+Extension.swift"; sourceTree = "<group>"; };
		5997D1012CD0DE310088BAF4 /* BehaviorRelay+Extension.swift */ = {isa = PBXFileReference; lastKnownFileType = sourcecode.swift; path = "BehaviorRelay+Extension.swift"; sourceTree = "<group>"; };
		5997D1042CD0E1ED0088BAF4 /* BaseVC.swift */ = {isa = PBXFileReference; lastKnownFileType = sourcecode.swift; path = BaseVC.swift; sourceTree = "<group>"; };
		5997D1062CD0E23B0088BAF4 /* RxTableViewController.swift */ = {isa = PBXFileReference; lastKnownFileType = sourcecode.swift; path = RxTableViewController.swift; sourceTree = "<group>"; };
		5997D10A2CD21A430088BAF4 /* RxTableViewController+InsertSection.swift */ = {isa = PBXFileReference; lastKnownFileType = sourcecode.swift; path = "RxTableViewController+InsertSection.swift"; sourceTree = "<group>"; };
		5997D10C2CD2231D0088BAF4 /* RxTableViewController+InsertRow.swift */ = {isa = PBXFileReference; lastKnownFileType = sourcecode.swift; path = "RxTableViewController+InsertRow.swift"; sourceTree = "<group>"; };
		5997D10E2CD231140088BAF4 /* RxTableViewController+Edit.swift */ = {isa = PBXFileReference; lastKnownFileType = sourcecode.swift; path = "RxTableViewController+Edit.swift"; sourceTree = "<group>"; };
		5997D1102CD3561A0088BAF4 /* RxTableViewController+Mixed.swift */ = {isa = PBXFileReference; lastKnownFileType = sourcecode.swift; path = "RxTableViewController+Mixed.swift"; sourceTree = "<group>"; };
		5ABC80966F6A4AD4D8DD9634 /* Pods_RxTableViewDemo.framework */ = {isa = PBXFileReference; explicitFileType = wrapper.framework; includeInIndex = 0; path = Pods_RxTableViewDemo.framework; sourceTree = BUILT_PRODUCTS_DIR; };
		6598091A937AFB8A09DA104B /* Pods-RxTableViewDemo.debug.xcconfig */ = {isa = PBXFileReference; includeInIndex = 1; lastKnownFileType = text.xcconfig; name = "Pods-RxTableViewDemo.debug.xcconfig"; path = "Target Support Files/Pods-RxTableViewDemo/Pods-RxTableViewDemo.debug.xcconfig"; sourceTree = "<group>"; };
		E236C453291A4F2E00F6EA54 /* UIFont+Extension.swift */ = {isa = PBXFileReference; fileEncoding = 4; lastKnownFileType = sourcecode.swift; path = "UIFont+Extension.swift"; sourceTree = "<group>"; };
		E236C454291A4F2E00F6EA54 /* UIColor+Extension.swift */ = {isa = PBXFileReference; fileEncoding = 4; lastKnownFileType = sourcecode.swift; path = "UIColor+Extension.swift"; sourceTree = "<group>"; };
		E236C455291A4F2E00F6EA54 /* NSObject+Extension.swift */ = {isa = PBXFileReference; fileEncoding = 4; lastKnownFileType = sourcecode.swift; path = "NSObject+Extension.swift"; sourceTree = "<group>"; };
		E236C45F291A59D800F6EA54 /* DemoTableViewVC.swift */ = {isa = PBXFileReference; lastKnownFileType = sourcecode.swift; path = DemoTableViewVC.swift; sourceTree = "<group>"; };
		E236C460291A59D800F6EA54 /* DemoTableViewVC.xib */ = {isa = PBXFileReference; lastKnownFileType = file.xib; path = DemoTableViewVC.xib; sourceTree = "<group>"; };
		E236C463291A66F600F6EA54 /* DemoCollectionViewVC.swift */ = {isa = PBXFileReference; lastKnownFileType = sourcecode.swift; path = DemoCollectionViewVC.swift; sourceTree = "<group>"; };
		E236C464291A66F600F6EA54 /* DemoCollectionViewVC.xib */ = {isa = PBXFileReference; lastKnownFileType = file.xib; path = DemoCollectionViewVC.xib; sourceTree = "<group>"; };
		E236C469291A68C500F6EA54 /* DemoTableViewCell.swift */ = {isa = PBXFileReference; lastKnownFileType = sourcecode.swift; path = DemoTableViewCell.swift; sourceTree = "<group>"; };
		E236C46A291A68C500F6EA54 /* DemoTableViewCell.xib */ = {isa = PBXFileReference; lastKnownFileType = file.xib; path = DemoTableViewCell.xib; sourceTree = "<group>"; };
		E2AB83D42941E47700BAFE60 /* DemoCollectionViewCell.swift */ = {isa = PBXFileReference; lastKnownFileType = sourcecode.swift; path = DemoCollectionViewCell.swift; sourceTree = "<group>"; };
		E2AB83D52941E47700BAFE60 /* DemoCollectionViewCell.xib */ = {isa = PBXFileReference; lastKnownFileType = file.xib; path = DemoCollectionViewCell.xib; sourceTree = "<group>"; };
		E2B2C2CC2930C73E007EF40E /* DemoAnimationTableViewVC.swift */ = {isa = PBXFileReference; lastKnownFileType = sourcecode.swift; path = DemoAnimationTableViewVC.swift; sourceTree = "<group>"; };
		E2B2C2CD2930C73E007EF40E /* DemoAnimationTableViewVC.xib */ = {isa = PBXFileReference; lastKnownFileType = file.xib; path = DemoAnimationTableViewVC.xib; sourceTree = "<group>"; };
		E2B2C2D02930D4E7007EF40E /* DemoAnimationTableViewCell.xib */ = {isa = PBXFileReference; fileEncoding = 4; lastKnownFileType = file.xib; path = DemoAnimationTableViewCell.xib; sourceTree = "<group>"; };
		E2B2C2D12930D4E7007EF40E /* DemoAnimationTableViewCell.swift */ = {isa = PBXFileReference; fileEncoding = 4; lastKnownFileType = sourcecode.swift; path = DemoAnimationTableViewCell.swift; sourceTree = "<group>"; };
		E2F7925A2930B9010074644C /* RxCollectionView.swift */ = {isa = PBXFileReference; fileEncoding = 4; lastKnownFileType = sourcecode.swift; path = RxCollectionView.swift; sourceTree = "<group>"; };
		E2F7925B2930B9010074644C /* RxTableView.swift */ = {isa = PBXFileReference; fileEncoding = 4; lastKnownFileType = sourcecode.swift; path = RxTableView.swift; sourceTree = "<group>"; };
		E2F7925C2930B9010074644C /* RxSectionModel.swift */ = {isa = PBXFileReference; fileEncoding = 4; lastKnownFileType = sourcecode.swift; path = RxSectionModel.swift; sourceTree = "<group>"; };
		E2F7925D2930B9010074644C /* RxCollectionViewCell.swift */ = {isa = PBXFileReference; fileEncoding = 4; lastKnownFileType = sourcecode.swift; path = RxCollectionViewCell.swift; sourceTree = "<group>"; };
		E2F7925E2930B9010074644C /* RxTableViewCell.swift */ = {isa = PBXFileReference; fileEncoding = 4; lastKnownFileType = sourcecode.swift; path = RxTableViewCell.swift; sourceTree = "<group>"; };
		FF8B7C012919FF28002AEBDF /* RxTableViewDemo.app */ = {isa = PBXFileReference; explicitFileType = wrapper.application; includeInIndex = 0; path = RxTableViewDemo.app; sourceTree = BUILT_PRODUCTS_DIR; };
		FF8B7C042919FF28002AEBDF /* AppDelegate.swift */ = {isa = PBXFileReference; lastKnownFileType = sourcecode.swift; path = AppDelegate.swift; sourceTree = "<group>"; };
		FF8B7C082919FF28002AEBDF /* ViewController.swift */ = {isa = PBXFileReference; lastKnownFileType = sourcecode.swift; path = ViewController.swift; sourceTree = "<group>"; };
		FF8B7C0B2919FF28002AEBDF /* Base */ = {isa = PBXFileReference; lastKnownFileType = file.storyboard; name = Base; path = Base.lproj/Main.storyboard; sourceTree = "<group>"; };
		FF8B7C0D2919FF2C002AEBDF /* Assets.xcassets */ = {isa = PBXFileReference; lastKnownFileType = folder.assetcatalog; path = Assets.xcassets; sourceTree = "<group>"; };
		FF8B7C102919FF2C002AEBDF /* Base */ = {isa = PBXFileReference; lastKnownFileType = file.storyboard; name = Base; path = Base.lproj/LaunchScreen.storyboard; sourceTree = "<group>"; };
		FF8B7C122919FF2C002AEBDF /* Info.plist */ = {isa = PBXFileReference; lastKnownFileType = text.plist.xml; path = Info.plist; sourceTree = "<group>"; };
		FF8B7C182919FF95002AEBDF /* podfile */ = {isa = PBXFileReference; lastKnownFileType = text; path = podfile; sourceTree = "<group>"; xcLanguageSpecificationIdentifier = xcode.lang.ruby; };
/* End PBXFileReference section */

/* Begin PBXFrameworksBuildPhase section */
		FF8B7BFE2919FF28002AEBDF /* Frameworks */ = {
			isa = PBXFrameworksBuildPhase;
			buildActionMask = 2147483647;
			files = (
				E7206D1726A4670004149B8A /* Pods_RxTableViewDemo.framework in Frameworks */,
			);
			runOnlyForDeploymentPostprocessing = 0;
		};
/* End PBXFrameworksBuildPhase section */

/* Begin PBXGroup section */
		431A9766091FA6DE9F05DC24 /* Pods */ = {
			isa = PBXGroup;
			children = (
				6598091A937AFB8A09DA104B /* Pods-RxTableViewDemo.debug.xcconfig */,
				42F324CA54C7703C8BB63237 /* Pods-RxTableViewDemo.release.xcconfig */,
			);
			path = Pods;
			sourceTree = "<group>";
		};
		5997D1032CD0E1D50088BAF4 /* VC */ = {
			isa = PBXGroup;
			children = (
				5997D1042CD0E1ED0088BAF4 /* BaseVC.swift */,
				5997D1062CD0E23B0088BAF4 /* RxTableViewController.swift */,
				5997D10A2CD21A430088BAF4 /* RxTableViewController+InsertSection.swift */,
				5997D10C2CD2231D0088BAF4 /* RxTableViewController+InsertRow.swift */,
				5997D10E2CD231140088BAF4 /* RxTableViewController+Edit.swift */,
				5997D1102CD3561A0088BAF4 /* RxTableViewController+Mixed.swift */,
			);
			path = VC;
			sourceTree = "<group>";
		};
		9EE70DC811587E201F46EA54 /* Frameworks */ = {
			isa = PBXGroup;
			children = (
				5ABC80966F6A4AD4D8DD9634 /* Pods_RxTableViewDemo.framework */,
			);
			name = Frameworks;
			sourceTree = "<group>";
		};
		E236C452291A4F2E00F6EA54 /* Extension */ = {
			isa = PBXGroup;
			children = (
				E236C453291A4F2E00F6EA54 /* UIFont+Extension.swift */,
				E236C454291A4F2E00F6EA54 /* UIColor+Extension.swift */,
				E236C455291A4F2E00F6EA54 /* NSObject+Extension.swift */,
			);
			path = Extension;
			sourceTree = "<group>";
		};
		E236C468291A68AD00F6EA54 /* TableView */ = {
			isa = PBXGroup;
			children = (
				E236C45F291A59D800F6EA54 /* DemoTableViewVC.swift */,
				E236C460291A59D800F6EA54 /* DemoTableViewVC.xib */,
				E236C469291A68C500F6EA54 /* DemoTableViewCell.swift */,
				E236C46A291A68C500F6EA54 /* DemoTableViewCell.xib */,
			);
			path = TableView;
			sourceTree = "<group>";
		};
		E2B2C2CB2930C718007EF40E /* AnimationTableView */ = {
			isa = PBXGroup;
			children = (
				E2B2C2CC2930C73E007EF40E /* DemoAnimationTableViewVC.swift */,
				E2B2C2CD2930C73E007EF40E /* DemoAnimationTableViewVC.xib */,
				E2B2C2D12930D4E7007EF40E /* DemoAnimationTableViewCell.swift */,
				E2B2C2D02930D4E7007EF40E /* DemoAnimationTableViewCell.xib */,
			);
			path = AnimationTableView;
			sourceTree = "<group>";
		};
		E2F792592930B9010074644C /* RxTableView */ = {
			isa = PBXGroup;
			children = (
				E2F7925A2930B9010074644C /* RxCollectionView.swift */,
				E2F7925B2930B9010074644C /* RxTableView.swift */,
				5997D0FD2CD0C7F00088BAF4 /* RxAnimationTableView.swift */,
				E2F7925C2930B9010074644C /* RxSectionModel.swift */,
				5997D0FB2CD0C71D0088BAF4 /* RxAnimationSectionModel.swift */,
				E2F7925D2930B9010074644C /* RxCollectionViewCell.swift */,
				E2F7925E2930B9010074644C /* RxTableViewCell.swift */,
				5997D0FF2CD0CF6C0088BAF4 /* UITableView+Extension.swift */,
				5997D1012CD0DE310088BAF4 /* BehaviorRelay+Extension.swift */,
			);
			name = RxTableView;
			path = ../../RxTableView;
			sourceTree = "<group>";
		};
		FF8B7BF82919FF28002AEBDF = {
			isa = PBXGroup;
			children = (
				FF8B7C182919FF95002AEBDF /* podfile */,
				FF8B7C032919FF28002AEBDF /* RxTableViewDemo */,
				FF8B7C022919FF28002AEBDF /* Products */,
				431A9766091FA6DE9F05DC24 /* Pods */,
				9EE70DC811587E201F46EA54 /* Frameworks */,
			);
			sourceTree = "<group>";
		};
		FF8B7C022919FF28002AEBDF /* Products */ = {
			isa = PBXGroup;
			children = (
				FF8B7C012919FF28002AEBDF /* RxTableViewDemo.app */,
			);
			name = Products;
			sourceTree = "<group>";
		};
		FF8B7C032919FF28002AEBDF /* RxTableViewDemo */ = {
			isa = PBXGroup;
			children = (
				E2F792592930B9010074644C /* RxTableView */,
				E236C452291A4F2E00F6EA54 /* Extension */,
				FF8B7C042919FF28002AEBDF /* AppDelegate.swift */,
				FF8B7C082919FF28002AEBDF /* ViewController.swift */,
				5997D1032CD0E1D50088BAF4 /* VC */,
				E236C468291A68AD00F6EA54 /* TableView */,
				E2B2C2CB2930C718007EF40E /* AnimationTableView */,
				E236C463291A66F600F6EA54 /* DemoCollectionViewVC.swift */,
				E236C464291A66F600F6EA54 /* DemoCollectionViewVC.xib */,
				E2AB83D42941E47700BAFE60 /* DemoCollectionViewCell.swift */,
				E2AB83D52941E47700BAFE60 /* DemoCollectionViewCell.xib */,
				FF8B7C0A2919FF28002AEBDF /* Main.storyboard */,
				FF8B7C0D2919FF2C002AEBDF /* Assets.xcassets */,
				FF8B7C0F2919FF2C002AEBDF /* LaunchScreen.storyboard */,
				FF8B7C122919FF2C002AEBDF /* Info.plist */,
			);
			path = RxTableViewDemo;
			sourceTree = "<group>";
		};
/* End PBXGroup section */

/* Begin PBXNativeTarget section */
		FF8B7C002919FF28002AEBDF /* RxTableViewDemo */ = {
			isa = PBXNativeTarget;
			buildConfigurationList = FF8B7C152919FF2C002AEBDF /* Build configuration list for PBXNativeTarget "RxTableViewDemo" */;
			buildPhases = (
				3ED52E8106641927F42DD43F /* [CP] Check Pods Manifest.lock */,
				FF8B7BFD2919FF28002AEBDF /* Sources */,
				FF8B7BFE2919FF28002AEBDF /* Frameworks */,
				FF8B7BFF2919FF28002AEBDF /* Resources */,
				210613D6BF97D5A4603EC7DB /* [CP] Embed Pods Frameworks */,
			);
			buildRules = (
			);
			dependencies = (
			);
			name = RxTableViewDemo;
			productName = RxTableViewDemo;
			productReference = FF8B7C012919FF28002AEBDF /* RxTableViewDemo.app */;
			productType = "com.apple.product-type.application";
		};
/* End PBXNativeTarget section */

/* Begin PBXProject section */
		FF8B7BF92919FF28002AEBDF /* Project object */ = {
			isa = PBXProject;
			attributes = {
				BuildIndependentTargetsInParallel = 1;
				LastSwiftUpdateCheck = 1320;
				LastUpgradeCheck = 1320;
				TargetAttributes = {
					FF8B7C002919FF28002AEBDF = {
						CreatedOnToolsVersion = 13.2.1;
					};
				};
			};
			buildConfigurationList = FF8B7BFC2919FF28002AEBDF /* Build configuration list for PBXProject "RxTableViewDemo" */;
			compatibilityVersion = "Xcode 13.0";
			developmentRegion = en;
			hasScannedForEncodings = 0;
			knownRegions = (
				en,
				Base,
			);
			mainGroup = FF8B7BF82919FF28002AEBDF;
			productRefGroup = FF8B7C022919FF28002AEBDF /* Products */;
			projectDirPath = "";
			projectRoot = "";
			targets = (
				FF8B7C002919FF28002AEBDF /* RxTableViewDemo */,
			);
		};
/* End PBXProject section */

/* Begin PBXResourcesBuildPhase section */
		FF8B7BFF2919FF28002AEBDF /* Resources */ = {
			isa = PBXResourcesBuildPhase;
			buildActionMask = 2147483647;
			files = (
				E2B2C2CF2930C73E007EF40E /* DemoAnimationTableViewVC.xib in Resources */,
				FF8B7C112919FF2C002AEBDF /* LaunchScreen.storyboard in Resources */,
				E236C466291A66F600F6EA54 /* DemoCollectionViewVC.xib in Resources */,
				E2B2C2D22930D4E7007EF40E /* DemoAnimationTableViewCell.xib in Resources */,
				FF8B7C0E2919FF2C002AEBDF /* Assets.xcassets in Resources */,
				FF8B7C192919FF95002AEBDF /* podfile in Resources */,
				FF8B7C0C2919FF28002AEBDF /* Main.storyboard in Resources */,
				E236C46C291A68C500F6EA54 /* DemoTableViewCell.xib in Resources */,
				E236C462291A59D800F6EA54 /* DemoTableViewVC.xib in Resources */,
				E2AB83D72941E47700BAFE60 /* DemoCollectionViewCell.xib in Resources */,
			);
			runOnlyForDeploymentPostprocessing = 0;
		};
/* End PBXResourcesBuildPhase section */

/* Begin PBXShellScriptBuildPhase section */
		210613D6BF97D5A4603EC7DB /* [CP] Embed Pods Frameworks */ = {
			isa = PBXShellScriptBuildPhase;
			buildActionMask = 2147483647;
			files = (
			);
			inputFileListPaths = (
				"${PODS_ROOT}/Target Support Files/Pods-RxTableViewDemo/Pods-RxTableViewDemo-frameworks-${CONFIGURATION}-input-files.xcfilelist",
			);
			name = "[CP] Embed Pods Frameworks";
			outputFileListPaths = (
				"${PODS_ROOT}/Target Support Files/Pods-RxTableViewDemo/Pods-RxTableViewDemo-frameworks-${CONFIGURATION}-output-files.xcfilelist",
			);
			runOnlyForDeploymentPostprocessing = 0;
			shellPath = /bin/sh;
			shellScript = "\"${PODS_ROOT}/Target Support Files/Pods-RxTableViewDemo/Pods-RxTableViewDemo-frameworks.sh\"\n";
			showEnvVarsInLog = 0;
		};
		3ED52E8106641927F42DD43F /* [CP] Check Pods Manifest.lock */ = {
			isa = PBXShellScriptBuildPhase;
			buildActionMask = 2147483647;
			files = (
			);
			inputFileListPaths = (
			);
			inputPaths = (
				"${PODS_PODFILE_DIR_PATH}/Podfile.lock",
				"${PODS_ROOT}/Manifest.lock",
			);
			name = "[CP] Check Pods Manifest.lock";
			outputFileListPaths = (
			);
			outputPaths = (
				"$(DERIVED_FILE_DIR)/Pods-RxTableViewDemo-checkManifestLockResult.txt",
			);
			runOnlyForDeploymentPostprocessing = 0;
			shellPath = /bin/sh;
			shellScript = "diff \"${PODS_PODFILE_DIR_PATH}/Podfile.lock\" \"${PODS_ROOT}/Manifest.lock\" > /dev/null\nif [ $? != 0 ] ; then\n    # print error to STDERR\n    echo \"error: The sandbox is not in sync with the Podfile.lock. Run 'pod install' or update your CocoaPods installation.\" >&2\n    exit 1\nfi\n# This output is used by Xcode 'outputs' to avoid re-running this script phase.\necho \"SUCCESS\" > \"${SCRIPT_OUTPUT_FILE_0}\"\n";
			showEnvVarsInLog = 0;
		};
/* End PBXShellScriptBuildPhase section */

/* Begin PBXSourcesBuildPhase section */
		FF8B7BFD2919FF28002AEBDF /* Sources */ = {
			isa = PBXSourcesBuildPhase;
			buildActionMask = 2147483647;
			files = (
				FF8B7C092919FF28002AEBDF /* ViewController.swift in Sources */,
				5997D10D2CD2231E0088BAF4 /* RxTableViewController+InsertRow.swift in Sources */,
				E2B2C2D32930D4E7007EF40E /* DemoAnimationTableViewCell.swift in Sources */,
				5997D1002CD0CF6C0088BAF4 /* UITableView+Extension.swift in Sources */,
				FF8B7C052919FF28002AEBDF /* AppDelegate.swift in Sources */,
				5997D1112CD3561A0088BAF4 /* RxTableViewController+Mixed.swift in Sources */,
				E2B2C2CE2930C73E007EF40E /* DemoAnimationTableViewVC.swift in Sources */,
				5997D1022CD0DE310088BAF4 /* BehaviorRelay+Extension.swift in Sources */,
				E236C45A291A4F2E00F6EA54 /* UIColor+Extension.swift in Sources */,
				E236C459291A4F2E00F6EA54 /* UIFont+Extension.swift in Sources */,
				E2F792632930B9010074644C /* RxTableViewCell.swift in Sources */,
				E2F792602930B9010074644C /* RxTableView.swift in Sources */,
				E2AB83D62941E47700BAFE60 /* DemoCollectionViewCell.swift in Sources */,
				E236C461291A59D800F6EA54 /* DemoTableViewVC.swift in Sources */,
				E236C465291A66F600F6EA54 /* DemoCollectionViewVC.swift in Sources */,
				5997D10B2CD21A430088BAF4 /* RxTableViewController+InsertSection.swift in Sources */,
				5997D10F2CD231140088BAF4 /* RxTableViewController+Edit.swift in Sources */,
				E236C46B291A68C500F6EA54 /* DemoTableViewCell.swift in Sources */,
				E2F7925F2930B9010074644C /* RxCollectionView.swift in Sources */,
				E2F792622930B9010074644C /* RxCollectionViewCell.swift in Sources */,
				5997D0FC2CD0C71D0088BAF4 /* RxAnimationSectionModel.swift in Sources */,
				E236C45B291A4F2E00F6EA54 /* NSObject+Extension.swift in Sources */,
				5997D0FE2CD0C7F00088BAF4 /* RxAnimationTableView.swift in Sources */,
				5997D1072CD0E23B0088BAF4 /* RxTableViewController.swift in Sources */,
				5997D1052CD0E1ED0088BAF4 /* BaseVC.swift in Sources */,
				E2F792612930B9010074644C /* RxSectionModel.swift in Sources */,
			);
			runOnlyForDeploymentPostprocessing = 0;
		};
/* End PBXSourcesBuildPhase section */

/* Begin PBXVariantGroup section */
		FF8B7C0A2919FF28002AEBDF /* Main.storyboard */ = {
			isa = PBXVariantGroup;
			children = (
				FF8B7C0B2919FF28002AEBDF /* Base */,
			);
			name = Main.storyboard;
			sourceTree = "<group>";
		};
		FF8B7C0F2919FF2C002AEBDF /* LaunchScreen.storyboard */ = {
			isa = PBXVariantGroup;
			children = (
				FF8B7C102919FF2C002AEBDF /* Base */,
			);
			name = LaunchScreen.storyboard;
			sourceTree = "<group>";
		};
/* End PBXVariantGroup section */

/* Begin XCBuildConfiguration section */
		FF8B7C132919FF2C002AEBDF /* Debug */ = {
			isa = XCBuildConfiguration;
			buildSettings = {
				ALWAYS_SEARCH_USER_PATHS = NO;
				CLANG_ANALYZER_NONNULL = YES;
				CLANG_ANALYZER_NUMBER_OBJECT_CONVERSION = YES_AGGRESSIVE;
				CLANG_CXX_LANGUAGE_STANDARD = "gnu++17";
				CLANG_CXX_LIBRARY = "libc++";
				CLANG_ENABLE_MODULES = YES;
				CLANG_ENABLE_OBJC_ARC = YES;
				CLANG_ENABLE_OBJC_WEAK = YES;
				CLANG_WARN_BLOCK_CAPTURE_AUTORELEASING = YES;
				CLANG_WARN_BOOL_CONVERSION = YES;
				CLANG_WARN_COMMA = YES;
				CLANG_WARN_CONSTANT_CONVERSION = YES;
				CLANG_WARN_DEPRECATED_OBJC_IMPLEMENTATIONS = YES;
				CLANG_WARN_DIRECT_OBJC_ISA_USAGE = YES_ERROR;
				CLANG_WARN_DOCUMENTATION_COMMENTS = YES;
				CLANG_WARN_EMPTY_BODY = YES;
				CLANG_WARN_ENUM_CONVERSION = YES;
				CLANG_WARN_INFINITE_RECURSION = YES;
				CLANG_WARN_INT_CONVERSION = YES;
				CLANG_WARN_NON_LITERAL_NULL_CONVERSION = YES;
				CLANG_WARN_OBJC_IMPLICIT_RETAIN_SELF = YES;
				CLANG_WARN_OBJC_LITERAL_CONVERSION = YES;
				CLANG_WARN_OBJC_ROOT_CLASS = YES_ERROR;
				CLANG_WARN_QUOTED_INCLUDE_IN_FRAMEWORK_HEADER = YES;
				CLANG_WARN_RANGE_LOOP_ANALYSIS = YES;
				CLANG_WARN_STRICT_PROTOTYPES = YES;
				CLANG_WARN_SUSPICIOUS_MOVE = YES;
				CLANG_WARN_UNGUARDED_AVAILABILITY = YES_AGGRESSIVE;
				CLANG_WARN_UNREACHABLE_CODE = YES;
				CLANG_WARN__DUPLICATE_METHOD_MATCH = YES;
				COPY_PHASE_STRIP = NO;
				DEBUG_INFORMATION_FORMAT = dwarf;
				ENABLE_STRICT_OBJC_MSGSEND = YES;
				ENABLE_TESTABILITY = YES;
				GCC_C_LANGUAGE_STANDARD = gnu11;
				GCC_DYNAMIC_NO_PIC = NO;
				GCC_NO_COMMON_BLOCKS = YES;
				GCC_OPTIMIZATION_LEVEL = 0;
				GCC_PREPROCESSOR_DEFINITIONS = (
					"DEBUG=1",
					"$(inherited)",
				);
				GCC_WARN_64_TO_32_BIT_CONVERSION = YES;
				GCC_WARN_ABOUT_RETURN_TYPE = YES_ERROR;
				GCC_WARN_UNDECLARED_SELECTOR = YES;
				GCC_WARN_UNINITIALIZED_AUTOS = YES_AGGRESSIVE;
				GCC_WARN_UNUSED_FUNCTION = YES;
				GCC_WARN_UNUSED_VARIABLE = YES;
				IPHONEOS_DEPLOYMENT_TARGET = 15.0;
				MTL_ENABLE_DEBUG_INFO = INCLUDE_SOURCE;
				MTL_FAST_MATH = YES;
				ONLY_ACTIVE_ARCH = YES;
				SDKROOT = iphoneos;
				SWIFT_ACTIVE_COMPILATION_CONDITIONS = DEBUG;
				SWIFT_OPTIMIZATION_LEVEL = "-Onone";
			};
			name = Debug;
		};
		FF8B7C142919FF2C002AEBDF /* Release */ = {
			isa = XCBuildConfiguration;
			buildSettings = {
				ALWAYS_SEARCH_USER_PATHS = NO;
				CLANG_ANALYZER_NONNULL = YES;
				CLANG_ANALYZER_NUMBER_OBJECT_CONVERSION = YES_AGGRESSIVE;
				CLANG_CXX_LANGUAGE_STANDARD = "gnu++17";
				CLANG_CXX_LIBRARY = "libc++";
				CLANG_ENABLE_MODULES = YES;
				CLANG_ENABLE_OBJC_ARC = YES;
				CLANG_ENABLE_OBJC_WEAK = YES;
				CLANG_WARN_BLOCK_CAPTURE_AUTORELEASING = YES;
				CLANG_WARN_BOOL_CONVERSION = YES;
				CLANG_WARN_COMMA = YES;
				CLANG_WARN_CONSTANT_CONVERSION = YES;
				CLANG_WARN_DEPRECATED_OBJC_IMPLEMENTATIONS = YES;
				CLANG_WARN_DIRECT_OBJC_ISA_USAGE = YES_ERROR;
				CLANG_WARN_DOCUMENTATION_COMMENTS = YES;
				CLANG_WARN_EMPTY_BODY = YES;
				CLANG_WARN_ENUM_CONVERSION = YES;
				CLANG_WARN_INFINITE_RECURSION = YES;
				CLANG_WARN_INT_CONVERSION = YES;
				CLANG_WARN_NON_LITERAL_NULL_CONVERSION = YES;
				CLANG_WARN_OBJC_IMPLICIT_RETAIN_SELF = YES;
				CLANG_WARN_OBJC_LITERAL_CONVERSION = YES;
				CLANG_WARN_OBJC_ROOT_CLASS = YES_ERROR;
				CLANG_WARN_QUOTED_INCLUDE_IN_FRAMEWORK_HEADER = YES;
				CLANG_WARN_RANGE_LOOP_ANALYSIS = YES;
				CLANG_WARN_STRICT_PROTOTYPES = YES;
				CLANG_WARN_SUSPICIOUS_MOVE = YES;
				CLANG_WARN_UNGUARDED_AVAILABILITY = YES_AGGRESSIVE;
				CLANG_WARN_UNREACHABLE_CODE = YES;
				CLANG_WARN__DUPLICATE_METHOD_MATCH = YES;
				COPY_PHASE_STRIP = NO;
				DEBUG_INFORMATION_FORMAT = "dwarf-with-dsym";
				ENABLE_NS_ASSERTIONS = NO;
				ENABLE_STRICT_OBJC_MSGSEND = YES;
				GCC_C_LANGUAGE_STANDARD = gnu11;
				GCC_NO_COMMON_BLOCKS = YES;
				GCC_WARN_64_TO_32_BIT_CONVERSION = YES;
				GCC_WARN_ABOUT_RETURN_TYPE = YES_ERROR;
				GCC_WARN_UNDECLARED_SELECTOR = YES;
				GCC_WARN_UNINITIALIZED_AUTOS = YES_AGGRESSIVE;
				GCC_WARN_UNUSED_FUNCTION = YES;
				GCC_WARN_UNUSED_VARIABLE = YES;
				IPHONEOS_DEPLOYMENT_TARGET = 15.0;
				MTL_ENABLE_DEBUG_INFO = NO;
				MTL_FAST_MATH = YES;
				SDKROOT = iphoneos;
				SWIFT_COMPILATION_MODE = wholemodule;
				SWIFT_OPTIMIZATION_LEVEL = "-O";
				VALIDATE_PRODUCT = YES;
			};
			name = Release;
		};
		FF8B7C162919FF2C002AEBDF /* Debug */ = {
			isa = XCBuildConfiguration;
			baseConfigurationReference = 6598091A937AFB8A09DA104B /* Pods-RxTableViewDemo.debug.xcconfig */;
			buildSettings = {
				ASSETCATALOG_COMPILER_APPICON_NAME = AppIcon;
				ASSETCATALOG_COMPILER_GLOBAL_ACCENT_COLOR_NAME = AccentColor;
				CODE_SIGN_STYLE = Automatic;
				CURRENT_PROJECT_VERSION = 1;
				GENERATE_INFOPLIST_FILE = YES;
				INFOPLIST_FILE = RxTableViewDemo/Info.plist;
				INFOPLIST_KEY_UIApplicationSupportsIndirectInputEvents = YES;
				INFOPLIST_KEY_UILaunchStoryboardName = LaunchScreen;
				INFOPLIST_KEY_UIMainStoryboardFile = Main;
				INFOPLIST_KEY_UISupportedInterfaceOrientations_iPad = "UIInterfaceOrientationPortrait UIInterfaceOrientationPortraitUpsideDown UIInterfaceOrientationLandscapeLeft UIInterfaceOrientationLandscapeRight";
				INFOPLIST_KEY_UISupportedInterfaceOrientations_iPhone = "UIInterfaceOrientationPortrait UIInterfaceOrientationLandscapeLeft UIInterfaceOrientationLandscapeRight";
				LD_RUNPATH_SEARCH_PATHS = (
					"$(inherited)",
					"@executable_path/Frameworks",
				);
				MARKETING_VERSION = 1.0;
				PRODUCT_BUNDLE_IDENTIFIER = com.demo.RxTableViewDemo;
				PRODUCT_NAME = "$(TARGET_NAME)";
				SWIFT_EMIT_LOC_STRINGS = YES;
				SWIFT_VERSION = 5.0;
				TARGETED_DEVICE_FAMILY = 1;
			};
			name = Debug;
		};
		FF8B7C172919FF2C002AEBDF /* Release */ = {
			isa = XCBuildConfiguration;
			baseConfigurationReference = 42F324CA54C7703C8BB63237 /* Pods-RxTableViewDemo.release.xcconfig */;
			buildSettings = {
				ASSETCATALOG_COMPILER_APPICON_NAME = AppIcon;
				ASSETCATALOG_COMPILER_GLOBAL_ACCENT_COLOR_NAME = AccentColor;
				CODE_SIGN_STYLE = Automatic;
				CURRENT_PROJECT_VERSION = 1;
				GENERATE_INFOPLIST_FILE = YES;
				INFOPLIST_FILE = RxTableViewDemo/Info.plist;
				INFOPLIST_KEY_UIApplicationSupportsIndirectInputEvents = YES;
				INFOPLIST_KEY_UILaunchStoryboardName = LaunchScreen;
				INFOPLIST_KEY_UIMainStoryboardFile = Main;
				INFOPLIST_KEY_UISupportedInterfaceOrientations_iPad = "UIInterfaceOrientationPortrait UIInterfaceOrientationPortraitUpsideDown UIInterfaceOrientationLandscapeLeft UIInterfaceOrientationLandscapeRight";
				INFOPLIST_KEY_UISupportedInterfaceOrientations_iPhone = "UIInterfaceOrientationPortrait UIInterfaceOrientationLandscapeLeft UIInterfaceOrientationLandscapeRight";
				LD_RUNPATH_SEARCH_PATHS = (
					"$(inherited)",
					"@executable_path/Frameworks",
				);
				MARKETING_VERSION = 1.0;
				PRODUCT_BUNDLE_IDENTIFIER = com.demo.RxTableViewDemo;
				PRODUCT_NAME = "$(TARGET_NAME)";
				SWIFT_EMIT_LOC_STRINGS = YES;
				SWIFT_VERSION = 5.0;
				TARGETED_DEVICE_FAMILY = 1;
			};
			name = Release;
		};
/* End XCBuildConfiguration section */

/* Begin XCConfigurationList section */
		FF8B7BFC2919FF28002AEBDF /* Build configuration list for PBXProject "RxTableViewDemo" */ = {
			isa = XCConfigurationList;
			buildConfigurations = (
				FF8B7C132919FF2C002AEBDF /* Debug */,
				FF8B7C142919FF2C002AEBDF /* Release */,
			);
			defaultConfigurationIsVisible = 0;
			defaultConfigurationName = Release;
		};
		FF8B7C152919FF2C002AEBDF /* Build configuration list for PBXNativeTarget "RxTableViewDemo" */ = {
			isa = XCConfigurationList;
			buildConfigurations = (
				FF8B7C162919FF2C002AEBDF /* Debug */,
				FF8B7C172919FF2C002AEBDF /* Release */,
			);
			defaultConfigurationIsVisible = 0;
			defaultConfigurationName = Release;
		};
/* End XCConfigurationList section */
	};
	rootObject = FF8B7BF92919FF28002AEBDF /* Project object */;
}
